// !$*UTF8*$!
{
	archiveVersion = 1;
	classes = {
	};
	objectVersion = 55;
	objects = {

/* Begin PBXBuildFile section */
		00607BF8245509E58942C657 /* Pods_simpleStock.framework in Frameworks */ = {isa = PBXBuildFile; fileRef = 434BCF1E91EC980565FBBDCA /* Pods_simpleStock.framework */; };
		287B9BF62928694E00407AF8 /* YahooAPI.swift in Sources */ = {isa = PBXBuildFile; fileRef = 287B9BF52928694E00407AF8 /* YahooAPI.swift */; };
		64A0E8AC29236E0900A9BA13 /* AppDelegate.swift in Sources */ = {isa = PBXBuildFile; fileRef = 64A0E8AB29236E0900A9BA13 /* AppDelegate.swift */; };
		64A0E8AE29236E0900A9BA13 /* SceneDelegate.swift in Sources */ = {isa = PBXBuildFile; fileRef = 64A0E8AD29236E0900A9BA13 /* SceneDelegate.swift */; };
		64A0E8B329236E0900A9BA13 /* Main.storyboard in Resources */ = {isa = PBXBuildFile; fileRef = 64A0E8B129236E0900A9BA13 /* Main.storyboard */; };
		64A0E8B529236E0B00A9BA13 /* Assets.xcassets in Resources */ = {isa = PBXBuildFile; fileRef = 64A0E8B429236E0B00A9BA13 /* Assets.xcassets */; };
		64A0E8B829236E0B00A9BA13 /* LaunchScreen.storyboard in Resources */ = {isa = PBXBuildFile; fileRef = 64A0E8B629236E0B00A9BA13 /* LaunchScreen.storyboard */; };
		64A0E8C02923796200A9BA13 /* LoginViewController.swift in Sources */ = {isa = PBXBuildFile; fileRef = 64A0E8BF2923796200A9BA13 /* LoginViewController.swift */; };
		64A0E8C2292738EC00A9BA13 /* ProfileViewController.swift in Sources */ = {isa = PBXBuildFile; fileRef = 64A0E8C1292738EC00A9BA13 /* ProfileViewController.swift */; };
		64BA9DB9293017EF002BC8FD /* StockDetailViewController.swift in Sources */ = {isa = PBXBuildFile; fileRef = 64BA9DB8293017EF002BC8FD /* StockDetailViewController.swift */; };
		64BF5146292C760C00A69027 /* StockListViewController.swift in Sources */ = {isa = PBXBuildFile; fileRef = 64BF5145292C760C00A69027 /* StockListViewController.swift */; };
		64BF5148292C81E800A69027 /* StockTableViewCell.swift in Sources */ = {isa = PBXBuildFile; fileRef = 64BF5147292C81E800A69027 /* StockTableViewCell.swift */; };
		64D2A212293B3F850065F4F8 /* NewsViewController.swift in Sources */ = {isa = PBXBuildFile; fileRef = 64D2A211293B3F850065F4F8 /* NewsViewController.swift */; };
		64D2A214293B45DF0065F4F8 /* NewsTableViewCell.swift in Sources */ = {isa = PBXBuildFile; fileRef = 64D2A213293B45DF0065F4F8 /* NewsTableViewCell.swift */; };
/* End PBXBuildFile section */

/* Begin PBXFileReference section */
		287B9BF52928694E00407AF8 /* YahooAPI.swift */ = {isa = PBXFileReference; lastKnownFileType = sourcecode.swift; path = YahooAPI.swift; sourceTree = "<group>"; };
		434BCF1E91EC980565FBBDCA /* Pods_simpleStock.framework */ = {isa = PBXFileReference; explicitFileType = wrapper.framework; includeInIndex = 0; path = Pods_simpleStock.framework; sourceTree = BUILT_PRODUCTS_DIR; };
		52123DDBE31EA99A13E6492C /* Pods-simpleStock.release.xcconfig */ = {isa = PBXFileReference; includeInIndex = 1; lastKnownFileType = text.xcconfig; name = "Pods-simpleStock.release.xcconfig"; path = "Target Support Files/Pods-simpleStock/Pods-simpleStock.release.xcconfig"; sourceTree = "<group>"; };
		64A0E8A829236E0900A9BA13 /* simpleStock.app */ = {isa = PBXFileReference; explicitFileType = wrapper.application; includeInIndex = 0; path = simpleStock.app; sourceTree = BUILT_PRODUCTS_DIR; };
		64A0E8AB29236E0900A9BA13 /* AppDelegate.swift */ = {isa = PBXFileReference; lastKnownFileType = sourcecode.swift; path = AppDelegate.swift; sourceTree = "<group>"; };
		64A0E8AD29236E0900A9BA13 /* SceneDelegate.swift */ = {isa = PBXFileReference; lastKnownFileType = sourcecode.swift; path = SceneDelegate.swift; sourceTree = "<group>"; };
		64A0E8B229236E0900A9BA13 /* Base */ = {isa = PBXFileReference; lastKnownFileType = file.storyboard; name = Base; path = Base.lproj/Main.storyboard; sourceTree = "<group>"; };
		64A0E8B429236E0B00A9BA13 /* Assets.xcassets */ = {isa = PBXFileReference; lastKnownFileType = folder.assetcatalog; path = Assets.xcassets; sourceTree = "<group>"; };
		64A0E8B729236E0B00A9BA13 /* Base */ = {isa = PBXFileReference; lastKnownFileType = file.storyboard; name = Base; path = Base.lproj/LaunchScreen.storyboard; sourceTree = "<group>"; };
		64A0E8B929236E0B00A9BA13 /* Info.plist */ = {isa = PBXFileReference; lastKnownFileType = text.plist.xml; path = Info.plist; sourceTree = "<group>"; };
		64A0E8BF2923796200A9BA13 /* LoginViewController.swift */ = {isa = PBXFileReference; lastKnownFileType = sourcecode.swift; path = LoginViewController.swift; sourceTree = "<group>"; };
		64A0E8C1292738EC00A9BA13 /* ProfileViewController.swift */ = {isa = PBXFileReference; lastKnownFileType = sourcecode.swift; path = ProfileViewController.swift; sourceTree = "<group>"; };
		64BA9DB8293017EF002BC8FD /* StockDetailViewController.swift */ = {isa = PBXFileReference; lastKnownFileType = sourcecode.swift; path = StockDetailViewController.swift; sourceTree = "<group>"; };
		64BF5145292C760C00A69027 /* StockListViewController.swift */ = {isa = PBXFileReference; lastKnownFileType = sourcecode.swift; path = StockListViewController.swift; sourceTree = "<group>"; };
		64BF5147292C81E800A69027 /* StockTableViewCell.swift */ = {isa = PBXFileReference; lastKnownFileType = sourcecode.swift; path = StockTableViewCell.swift; sourceTree = "<group>"; };
		64D2A211293B3F850065F4F8 /* NewsViewController.swift */ = {isa = PBXFileReference; lastKnownFileType = sourcecode.swift; path = NewsViewController.swift; sourceTree = "<group>"; };
		64D2A213293B45DF0065F4F8 /* NewsTableViewCell.swift */ = {isa = PBXFileReference; lastKnownFileType = sourcecode.swift; path = NewsTableViewCell.swift; sourceTree = "<group>"; };
		D8E64B6699B34D5248A8A312 /* Pods-simpleStock.debug.xcconfig */ = {isa = PBXFileReference; includeInIndex = 1; lastKnownFileType = text.xcconfig; name = "Pods-simpleStock.debug.xcconfig"; path = "Target Support Files/Pods-simpleStock/Pods-simpleStock.debug.xcconfig"; sourceTree = "<group>"; };
/* End PBXFileReference section */

/* Begin PBXFrameworksBuildPhase section */
		64A0E8A529236E0900A9BA13 /* Frameworks */ = {
			isa = PBXFrameworksBuildPhase;
			buildActionMask = 2147483647;
			files = (
				00607BF8245509E58942C657 /* Pods_simpleStock.framework in Frameworks */,
			);
			runOnlyForDeploymentPostprocessing = 0;
		};
/* End PBXFrameworksBuildPhase section */

/* Begin PBXGroup section */
		64A0E89F29236E0900A9BA13 = {
			isa = PBXGroup;
			children = (
				64A0E8AA29236E0900A9BA13 /* simpleStock */,
				64A0E8A929236E0900A9BA13 /* Products */,
				A1290A5CF6999D3F3B793E9A /* Pods */,
				7F9FE116D762FD8B27B479C2 /* Frameworks */,
			);
			sourceTree = "<group>";
		};
		64A0E8A929236E0900A9BA13 /* Products */ = {
			isa = PBXGroup;
			children = (
				64A0E8A829236E0900A9BA13 /* simpleStock.app */,
			);
			name = Products;
			sourceTree = "<group>";
		};
		64A0E8AA29236E0900A9BA13 /* simpleStock */ = {
			isa = PBXGroup;
			children = (
				64A0E8AB29236E0900A9BA13 /* AppDelegate.swift */,
				64A0E8AD29236E0900A9BA13 /* SceneDelegate.swift */,
				64A0E8B129236E0900A9BA13 /* Main.storyboard */,
				64A0E8B429236E0B00A9BA13 /* Assets.xcassets */,
				64A0E8B629236E0B00A9BA13 /* LaunchScreen.storyboard */,
				64A0E8B929236E0B00A9BA13 /* Info.plist */,
				64A0E8BF2923796200A9BA13 /* LoginViewController.swift */,
				64A0E8C1292738EC00A9BA13 /* ProfileViewController.swift */,
				287B9BF52928694E00407AF8 /* YahooAPI.swift */,
				64BF5145292C760C00A69027 /* StockListViewController.swift */,
				64BF5147292C81E800A69027 /* StockTableViewCell.swift */,
				64BA9DB8293017EF002BC8FD /* StockDetailViewController.swift */,
				64D2A211293B3F850065F4F8 /* NewsViewController.swift */,
				64D2A213293B45DF0065F4F8 /* NewsTableViewCell.swift */,
			);
			path = simpleStock;
			sourceTree = "<group>";
		};
		7F9FE116D762FD8B27B479C2 /* Frameworks */ = {
			isa = PBXGroup;
			children = (
				434BCF1E91EC980565FBBDCA /* Pods_simpleStock.framework */,
			);
			name = Frameworks;
			sourceTree = "<group>";
		};
		A1290A5CF6999D3F3B793E9A /* Pods */ = {
			isa = PBXGroup;
			children = (
				D8E64B6699B34D5248A8A312 /* Pods-simpleStock.debug.xcconfig */,
				52123DDBE31EA99A13E6492C /* Pods-simpleStock.release.xcconfig */,
			);
			path = Pods;
			sourceTree = "<group>";
		};
/* End PBXGroup section */

/* Begin PBXNativeTarget section */
		64A0E8A729236E0900A9BA13 /* simpleStock */ = {
			isa = PBXNativeTarget;
			buildConfigurationList = 64A0E8BC29236E0B00A9BA13 /* Build configuration list for PBXNativeTarget "simpleStock" */;
			buildPhases = (
				BEA7F10AC576F1C7DB9AD692 /* [CP] Check Pods Manifest.lock */,
				64A0E8A429236E0900A9BA13 /* Sources */,
				64A0E8A529236E0900A9BA13 /* Frameworks */,
				64A0E8A629236E0900A9BA13 /* Resources */,
				BDE113D42C72223C11A0E694 /* [CP] Embed Pods Frameworks */,
			);
			buildRules = (
			);
			dependencies = (
			);
			name = simpleStock;
			productName = simpleStock;
			productReference = 64A0E8A829236E0900A9BA13 /* simpleStock.app */;
			productType = "com.apple.product-type.application";
		};
/* End PBXNativeTarget section */

/* Begin PBXProject section */
		64A0E8A029236E0900A9BA13 /* Project object */ = {
			isa = PBXProject;
			attributes = {
				BuildIndependentTargetsInParallel = 1;
				LastSwiftUpdateCheck = 1340;
				LastUpgradeCheck = 1340;
				TargetAttributes = {
					64A0E8A729236E0900A9BA13 = {
						CreatedOnToolsVersion = 13.4.1;
					};
				};
			};
			buildConfigurationList = 64A0E8A329236E0900A9BA13 /* Build configuration list for PBXProject "simpleStock" */;
			compatibilityVersion = "Xcode 13.0";
			developmentRegion = en;
			hasScannedForEncodings = 0;
			knownRegions = (
				en,
				Base,
			);
			mainGroup = 64A0E89F29236E0900A9BA13;
			productRefGroup = 64A0E8A929236E0900A9BA13 /* Products */;
			projectDirPath = "";
			projectRoot = "";
			targets = (
				64A0E8A729236E0900A9BA13 /* simpleStock */,
			);
		};
/* End PBXProject section */

/* Begin PBXResourcesBuildPhase section */
		64A0E8A629236E0900A9BA13 /* Resources */ = {
			isa = PBXResourcesBuildPhase;
			buildActionMask = 2147483647;
			files = (
				64A0E8B829236E0B00A9BA13 /* LaunchScreen.storyboard in Resources */,
				64A0E8B529236E0B00A9BA13 /* Assets.xcassets in Resources */,
				64A0E8B329236E0900A9BA13 /* Main.storyboard in Resources */,
			);
			runOnlyForDeploymentPostprocessing = 0;
		};
/* End PBXResourcesBuildPhase section */

/* Begin PBXShellScriptBuildPhase section */
		BDE113D42C72223C11A0E694 /* [CP] Embed Pods Frameworks */ = {
			isa = PBXShellScriptBuildPhase;
			buildActionMask = 2147483647;
			files = (
			);
			inputFileListPaths = (
				"${PODS_ROOT}/Target Support Files/Pods-simpleStock/Pods-simpleStock-frameworks-${CONFIGURATION}-input-files.xcfilelist",
			);
			name = "[CP] Embed Pods Frameworks";
			outputFileListPaths = (
				"${PODS_ROOT}/Target Support Files/Pods-simpleStock/Pods-simpleStock-frameworks-${CONFIGURATION}-output-files.xcfilelist",
			);
			runOnlyForDeploymentPostprocessing = 0;
			shellPath = /bin/sh;
			shellScript = "\"${PODS_ROOT}/Target Support Files/Pods-simpleStock/Pods-simpleStock-frameworks.sh\"\n";
			showEnvVarsInLog = 0;
		};
		BEA7F10AC576F1C7DB9AD692 /* [CP] Check Pods Manifest.lock */ = {
			isa = PBXShellScriptBuildPhase;
			buildActionMask = 2147483647;
			files = (
			);
			inputFileListPaths = (
			);
			inputPaths = (
				"${PODS_PODFILE_DIR_PATH}/Podfile.lock",
				"${PODS_ROOT}/Manifest.lock",
			);
			name = "[CP] Check Pods Manifest.lock";
			outputFileListPaths = (
			);
			outputPaths = (
				"$(DERIVED_FILE_DIR)/Pods-simpleStock-checkManifestLockResult.txt",
			);
			runOnlyForDeploymentPostprocessing = 0;
			shellPath = /bin/sh;
			shellScript = "diff \"${PODS_PODFILE_DIR_PATH}/Podfile.lock\" \"${PODS_ROOT}/Manifest.lock\" > /dev/null\nif [ $? != 0 ] ; then\n    # print error to STDERR\n    echo \"error: The sandbox is not in sync with the Podfile.lock. Run 'pod install' or update your CocoaPods installation.\" >&2\n    exit 1\nfi\n# This output is used by Xcode 'outputs' to avoid re-running this script phase.\necho \"SUCCESS\" > \"${SCRIPT_OUTPUT_FILE_0}\"\n";
			showEnvVarsInLog = 0;
		};
/* End PBXShellScriptBuildPhase section */

/* Begin PBXSourcesBuildPhase section */
		64A0E8A429236E0900A9BA13 /* Sources */ = {
			isa = PBXSourcesBuildPhase;
			buildActionMask = 2147483647;
			files = (
				64BA9DB9293017EF002BC8FD /* StockDetailViewController.swift in Sources */,
				64BF5148292C81E800A69027 /* StockTableViewCell.swift in Sources */,
				64D2A214293B45DF0065F4F8 /* NewsTableViewCell.swift in Sources */,
				64A0E8C02923796200A9BA13 /* LoginViewController.swift in Sources */,
				64A0E8AC29236E0900A9BA13 /* AppDelegate.swift in Sources */,
				287B9BF62928694E00407AF8 /* YahooAPI.swift in Sources */,
				64BF5146292C760C00A69027 /* StockListViewController.swift in Sources */,
				64D2A212293B3F850065F4F8 /* NewsViewController.swift in Sources */,
				64A0E8C2292738EC00A9BA13 /* ProfileViewController.swift in Sources */,
				64A0E8AE29236E0900A9BA13 /* SceneDelegate.swift in Sources */,
			);
			runOnlyForDeploymentPostprocessing = 0;
		};
/* End PBXSourcesBuildPhase section */

/* Begin PBXVariantGroup section */
		64A0E8B129236E0900A9BA13 /* Main.storyboard */ = {
			isa = PBXVariantGroup;
			children = (
				64A0E8B229236E0900A9BA13 /* Base */,
			);
			name = Main.storyboard;
			sourceTree = "<group>";
		};
		64A0E8B629236E0B00A9BA13 /* LaunchScreen.storyboard */ = {
			isa = PBXVariantGroup;
			children = (
				64A0E8B729236E0B00A9BA13 /* Base */,
			);
			name = LaunchScreen.storyboard;
			sourceTree = "<group>";
		};
/* End PBXVariantGroup section */

/* Begin XCBuildConfiguration section */
		64A0E8BA29236E0B00A9BA13 /* Debug */ = {
			isa = XCBuildConfiguration;
			buildSettings = {
				ALWAYS_SEARCH_USER_PATHS = NO;
				CLANG_ANALYZER_NONNULL = YES;
				CLANG_ANALYZER_NUMBER_OBJECT_CONVERSION = YES_AGGRESSIVE;
				CLANG_CXX_LANGUAGE_STANDARD = "gnu++17";
				CLANG_ENABLE_MODULES = YES;
				CLANG_ENABLE_OBJC_ARC = YES;
				CLANG_ENABLE_OBJC_WEAK = YES;
				CLANG_WARN_BLOCK_CAPTURE_AUTORELEASING = YES;
				CLANG_WARN_BOOL_CONVERSION = YES;
				CLANG_WARN_COMMA = YES;
				CLANG_WARN_CONSTANT_CONVERSION = YES;
				CLANG_WARN_DEPRECATED_OBJC_IMPLEMENTATIONS = YES;
				CLANG_WARN_DIRECT_OBJC_ISA_USAGE = YES_ERROR;
				CLANG_WARN_DOCUMENTATION_COMMENTS = YES;
				CLANG_WARN_EMPTY_BODY = YES;
				CLANG_WARN_ENUM_CONVERSION = YES;
				CLANG_WARN_INFINITE_RECURSION = YES;
				CLANG_WARN_INT_CONVERSION = YES;
				CLANG_WARN_NON_LITERAL_NULL_CONVERSION = YES;
				CLANG_WARN_OBJC_IMPLICIT_RETAIN_SELF = YES;
				CLANG_WARN_OBJC_LITERAL_CONVERSION = YES;
				CLANG_WARN_OBJC_ROOT_CLASS = YES_ERROR;
				CLANG_WARN_QUOTED_INCLUDE_IN_FRAMEWORK_HEADER = YES;
				CLANG_WARN_RANGE_LOOP_ANALYSIS = YES;
				CLANG_WARN_STRICT_PROTOTYPES = YES;
				CLANG_WARN_SUSPICIOUS_MOVE = YES;
				CLANG_WARN_UNGUARDED_AVAILABILITY = YES_AGGRESSIVE;
				CLANG_WARN_UNREACHABLE_CODE = YES;
				CLANG_WARN__DUPLICATE_METHOD_MATCH = YES;
				COPY_PHASE_STRIP = NO;
				DEBUG_INFORMATION_FORMAT = dwarf;
				ENABLE_STRICT_OBJC_MSGSEND = YES;
				ENABLE_TESTABILITY = YES;
				GCC_C_LANGUAGE_STANDARD = gnu11;
				GCC_DYNAMIC_NO_PIC = NO;
				GCC_NO_COMMON_BLOCKS = YES;
				GCC_OPTIMIZATION_LEVEL = 0;
				GCC_PREPROCESSOR_DEFINITIONS = (
					"DEBUG=1",
					"$(inherited)",
				);
				GCC_WARN_64_TO_32_BIT_CONVERSION = YES;
				GCC_WARN_ABOUT_RETURN_TYPE = YES_ERROR;
				GCC_WARN_UNDECLARED_SELECTOR = YES;
				GCC_WARN_UNINITIALIZED_AUTOS = YES_AGGRESSIVE;
				GCC_WARN_UNUSED_FUNCTION = YES;
				GCC_WARN_UNUSED_VARIABLE = YES;
				IPHONEOS_DEPLOYMENT_TARGET = 15.5;
				MTL_ENABLE_DEBUG_INFO = INCLUDE_SOURCE;
				MTL_FAST_MATH = YES;
				ONLY_ACTIVE_ARCH = YES;
				SDKROOT = iphoneos;
				SWIFT_ACTIVE_COMPILATION_CONDITIONS = DEBUG;
				SWIFT_OPTIMIZATION_LEVEL = "-Onone";
			};
			name = Debug;
		};
		64A0E8BB29236E0B00A9BA13 /* Release */ = {
			isa = XCBuildConfiguration;
			buildSettings = {
				ALWAYS_SEARCH_USER_PATHS = NO;
				CLANG_ANALYZER_NONNULL = YES;
				CLANG_ANALYZER_NUMBER_OBJECT_CONVERSION = YES_AGGRESSIVE;
				CLANG_CXX_LANGUAGE_STANDARD = "gnu++17";
				CLANG_ENABLE_MODULES = YES;
				CLANG_ENABLE_OBJC_ARC = YES;
				CLANG_ENABLE_OBJC_WEAK = YES;
				CLANG_WARN_BLOCK_CAPTURE_AUTORELEASING = YES;
				CLANG_WARN_BOOL_CONVERSION = YES;
				CLANG_WARN_COMMA = YES;
				CLANG_WARN_CONSTANT_CONVERSION = YES;
				CLANG_WARN_DEPRECATED_OBJC_IMPLEMENTATIONS = YES;
				CLANG_WARN_DIRECT_OBJC_ISA_USAGE = YES_ERROR;
				CLANG_WARN_DOCUMENTATION_COMMENTS = YES;
				CLANG_WARN_EMPTY_BODY = YES;
				CLANG_WARN_ENUM_CONVERSION = YES;
				CLANG_WARN_INFINITE_RECURSION = YES;
				CLANG_WARN_INT_CONVERSION = YES;
				CLANG_WARN_NON_LITERAL_NULL_CONVERSION = YES;
				CLANG_WARN_OBJC_IMPLICIT_RETAIN_SELF = YES;
				CLANG_WARN_OBJC_LITERAL_CONVERSION = YES;
				CLANG_WARN_OBJC_ROOT_CLASS = YES_ERROR;
				CLANG_WARN_QUOTED_INCLUDE_IN_FRAMEWORK_HEADER = YES;
				CLANG_WARN_RANGE_LOOP_ANALYSIS = YES;
				CLANG_WARN_STRICT_PROTOTYPES = YES;
				CLANG_WARN_SUSPICIOUS_MOVE = YES;
				CLANG_WARN_UNGUARDED_AVAILABILITY = YES_AGGRESSIVE;
				CLANG_WARN_UNREACHABLE_CODE = YES;
				CLANG_WARN__DUPLICATE_METHOD_MATCH = YES;
				COPY_PHASE_STRIP = NO;
				DEBUG_INFORMATION_FORMAT = "dwarf-with-dsym";
				ENABLE_NS_ASSERTIONS = NO;
				ENABLE_STRICT_OBJC_MSGSEND = YES;
				GCC_C_LANGUAGE_STANDARD = gnu11;
				GCC_NO_COMMON_BLOCKS = YES;
				GCC_WARN_64_TO_32_BIT_CONVERSION = YES;
				GCC_WARN_ABOUT_RETURN_TYPE = YES_ERROR;
				GCC_WARN_UNDECLARED_SELECTOR = YES;
				GCC_WARN_UNINITIALIZED_AUTOS = YES_AGGRESSIVE;
				GCC_WARN_UNUSED_FUNCTION = YES;
				GCC_WARN_UNUSED_VARIABLE = YES;
				IPHONEOS_DEPLOYMENT_TARGET = 15.5;
				MTL_ENABLE_DEBUG_INFO = NO;
				MTL_FAST_MATH = YES;
				SDKROOT = iphoneos;
				SWIFT_COMPILATION_MODE = wholemodule;
				SWIFT_OPTIMIZATION_LEVEL = "-O";
				VALIDATE_PRODUCT = YES;
			};
			name = Release;
		};
		64A0E8BD29236E0B00A9BA13 /* Debug */ = {
			isa = XCBuildConfiguration;
			baseConfigurationReference = D8E64B6699B34D5248A8A312 /* Pods-simpleStock.debug.xcconfig */;
			buildSettings = {
				ASSETCATALOG_COMPILER_APPICON_NAME = AppIcon;
				ASSETCATALOG_COMPILER_GLOBAL_ACCENT_COLOR_NAME = AccentColor;
				CODE_SIGN_STYLE = Automatic;
				CURRENT_PROJECT_VERSION = 1;
				DEVELOPMENT_TEAM = 8U8L67U6AR;
				GENERATE_INFOPLIST_FILE = YES;
				INFOPLIST_FILE = simpleStock/Info.plist;
				INFOPLIST_KEY_UIApplicationSupportsIndirectInputEvents = YES;
				INFOPLIST_KEY_UILaunchStoryboardName = LaunchScreen;
				INFOPLIST_KEY_UIMainStoryboardFile = Main;
				INFOPLIST_KEY_UISupportedInterfaceOrientations_iPad = "UIInterfaceOrientationPortrait UIInterfaceOrientationPortraitUpsideDown UIInterfaceOrientationLandscapeLeft UIInterfaceOrientationLandscapeRight";
				INFOPLIST_KEY_UISupportedInterfaceOrientations_iPhone = "UIInterfaceOrientationPortrait UIInterfaceOrientationLandscapeLeft UIInterfaceOrientationLandscapeRight";
				LD_RUNPATH_SEARCH_PATHS = (
					"$(inherited)",
					"@executable_path/Frameworks",
				);
				MARKETING_VERSION = 1.0;
				PRODUCT_BUNDLE_IDENTIFIER = AnnasWaheed;
				PRODUCT_NAME = "$(TARGET_NAME)";
				SWIFT_EMIT_LOC_STRINGS = YES;
				SWIFT_VERSION = 5.0;
				TARGETED_DEVICE_FAMILY = "1,2";
			};
			name = Debug;
		};
		64A0E8BE29236E0B00A9BA13 /* Release */ = {
			isa = XCBuildConfiguration;
			baseConfigurationReference = 52123DDBE31EA99A13E6492C /* Pods-simpleStock.release.xcconfig */;
			buildSettings = {
				ASSETCATALOG_COMPILER_APPICON_NAME = AppIcon;
				ASSETCATALOG_COMPILER_GLOBAL_ACCENT_COLOR_NAME = AccentColor;
				CODE_SIGN_STYLE = Automatic;
				CURRENT_PROJECT_VERSION = 1;
				DEVELOPMENT_TEAM = 8U8L67U6AR;
				GENERATE_INFOPLIST_FILE = YES;
				INFOPLIST_FILE = simpleStock/Info.plist;
				INFOPLIST_KEY_UIApplicationSupportsIndirectInputEvents = YES;
				INFOPLIST_KEY_UILaunchStoryboardName = LaunchScreen;
				INFOPLIST_KEY_UIMainStoryboardFile = Main;
				INFOPLIST_KEY_UISupportedInterfaceOrientations_iPad = "UIInterfaceOrientationPortrait UIInterfaceOrientationPortraitUpsideDown UIInterfaceOrientationLandscapeLeft UIInterfaceOrientationLandscapeRight";
				INFOPLIST_KEY_UISupportedInterfaceOrientations_iPhone = "UIInterfaceOrientationPortrait UIInterfaceOrientationLandscapeLeft UIInterfaceOrientationLandscapeRight";
				LD_RUNPATH_SEARCH_PATHS = (
					"$(inherited)",
					"@executable_path/Frameworks",
				);
				MARKETING_VERSION = 1.0;
				PRODUCT_BUNDLE_IDENTIFIER = AnnasWaheed;
				PRODUCT_NAME = "$(TARGET_NAME)";
				SWIFT_EMIT_LOC_STRINGS = YES;
				SWIFT_VERSION = 5.0;
				TARGETED_DEVICE_FAMILY = "1,2";
			};
			name = Release;
		};
/* End XCBuildConfiguration section */

/* Begin XCConfigurationList section */
		64A0E8A329236E0900A9BA13 /* Build configuration list for PBXProject "simpleStock" */ = {
			isa = XCConfigurationList;
			buildConfigurations = (
				64A0E8BA29236E0B00A9BA13 /* Debug */,
				64A0E8BB29236E0B00A9BA13 /* Release */,
			);
			defaultConfigurationIsVisible = 0;
			defaultConfigurationName = Release;
		};
		64A0E8BC29236E0B00A9BA13 /* Build configuration list for PBXNativeTarget "simpleStock" */ = {
			isa = XCConfigurationList;
			buildConfigurations = (
				64A0E8BD29236E0B00A9BA13 /* Debug */,
				64A0E8BE29236E0B00A9BA13 /* Release */,
			);
			defaultConfigurationIsVisible = 0;
			defaultConfigurationName = Release;
		};
/* End XCConfigurationList section */
	};
	rootObject = 64A0E8A029236E0900A9BA13 /* Project object */;
}
